// !$*UTF8*$!
{
	archiveVersion = 1;
	classes = {
	};
	objectVersion = 56;
	objects = {

/* Begin PBXBuildFile section */
		A0B37D2C293675C400455C1D /* TitleTableViewCell.swift in Sources */ = {isa = PBXBuildFile; fileRef = A0B37D2B293675C400455C1D /* TitleTableViewCell.swift */; };
		A0B37D2E293675F900455C1D /* TitleViewModel.swift in Sources */ = {isa = PBXBuildFile; fileRef = A0B37D2D293675F900455C1D /* TitleViewModel.swift */; };
		A0B397FF2930DBC80040F914 /* AppDelegate.swift in Sources */ = {isa = PBXBuildFile; fileRef = A0B397FE2930DBC80040F914 /* AppDelegate.swift */; };
		A0B398012930DBC80040F914 /* SceneDelegate.swift in Sources */ = {isa = PBXBuildFile; fileRef = A0B398002930DBC80040F914 /* SceneDelegate.swift */; };
		A0B398032930DBC80040F914 /* MainTabBarViewController.swift in Sources */ = {isa = PBXBuildFile; fileRef = A0B398022930DBC80040F914 /* MainTabBarViewController.swift */; };
		A0B398082930DBCB0040F914 /* Assets.xcassets in Resources */ = {isa = PBXBuildFile; fileRef = A0B398072930DBCB0040F914 /* Assets.xcassets */; };
		A0B3980B2930DBCB0040F914 /* LaunchScreen.storyboard in Resources */ = {isa = PBXBuildFile; fileRef = A0B398092930DBCB0040F914 /* LaunchScreen.storyboard */; };
		A0B398142930E0660040F914 /* HomeViewController.swift in Sources */ = {isa = PBXBuildFile; fileRef = A0B398132930E0660040F914 /* HomeViewController.swift */; };
		A0B398162930E16A0040F914 /* UpcomingViewController.swift in Sources */ = {isa = PBXBuildFile; fileRef = A0B398152930E16A0040F914 /* UpcomingViewController.swift */; };
		A0B398182930E1790040F914 /* SearchViewController.swift in Sources */ = {isa = PBXBuildFile; fileRef = A0B398172930E1790040F914 /* SearchViewController.swift */; };
		A0B3981A2930E1870040F914 /* DownloadsViewController.swift in Sources */ = {isa = PBXBuildFile; fileRef = A0B398192930E1870040F914 /* DownloadsViewController.swift */; };
		A0B398212931CEC00040F914 /* CollectionViewTableViewCell.swift in Sources */ = {isa = PBXBuildFile; fileRef = A0B398202931CEC00040F914 /* CollectionViewTableViewCell.swift */; };
		A0B398232931D99F0040F914 /* HeroHeaderUIView.swift in Sources */ = {isa = PBXBuildFile; fileRef = A0B398222931D99F0040F914 /* HeroHeaderUIView.swift */; };
		A0B39825293261D60040F914 /* APICaller.swift in Sources */ = {isa = PBXBuildFile; fileRef = A0B39824293261D60040F914 /* APICaller.swift */; };
		A0B39827293277050040F914 /* Title.swift in Sources */ = {isa = PBXBuildFile; fileRef = A0B39826293277050040F914 /* Title.swift */; };
		A0F5AC4F2933234E00EA8AC3 /* Extensions.swift in Sources */ = {isa = PBXBuildFile; fileRef = A0F5AC4E2933234E00EA8AC3 /* Extensions.swift */; };
		A0F5AC5229332E7A00EA8AC3 /* SDWebImage in Frameworks */ = {isa = PBXBuildFile; productRef = A0F5AC5129332E7A00EA8AC3 /* SDWebImage */; };
		A0F5AC5429332E7A00EA8AC3 /* SDWebImageMapKit in Frameworks */ = {isa = PBXBuildFile; productRef = A0F5AC5329332E7A00EA8AC3 /* SDWebImageMapKit */; };
		A0F5AC5629332F6500EA8AC3 /* TitleCollectionViewCell.swift in Sources */ = {isa = PBXBuildFile; fileRef = A0F5AC5529332F6500EA8AC3 /* TitleCollectionViewCell.swift */; };
/* End PBXBuildFile section */

/* Begin PBXFileReference section */
		A0B37D2B293675C400455C1D /* TitleTableViewCell.swift */ = {isa = PBXFileReference; lastKnownFileType = sourcecode.swift; path = TitleTableViewCell.swift; sourceTree = "<group>"; };
		A0B37D2D293675F900455C1D /* TitleViewModel.swift */ = {isa = PBXFileReference; lastKnownFileType = sourcecode.swift; path = TitleViewModel.swift; sourceTree = "<group>"; };
		A0B397FB2930DBC80040F914 /* Netflix.app */ = {isa = PBXFileReference; explicitFileType = wrapper.application; includeInIndex = 0; path = Netflix.app; sourceTree = BUILT_PRODUCTS_DIR; };
		A0B397FE2930DBC80040F914 /* AppDelegate.swift */ = {isa = PBXFileReference; lastKnownFileType = sourcecode.swift; path = AppDelegate.swift; sourceTree = "<group>"; };
		A0B398002930DBC80040F914 /* SceneDelegate.swift */ = {isa = PBXFileReference; lastKnownFileType = sourcecode.swift; path = SceneDelegate.swift; sourceTree = "<group>"; };
		A0B398022930DBC80040F914 /* MainTabBarViewController.swift */ = {isa = PBXFileReference; lastKnownFileType = sourcecode.swift; path = MainTabBarViewController.swift; sourceTree = "<group>"; };
		A0B398072930DBCB0040F914 /* Assets.xcassets */ = {isa = PBXFileReference; lastKnownFileType = folder.assetcatalog; path = Assets.xcassets; sourceTree = "<group>"; };
		A0B3980A2930DBCB0040F914 /* Base */ = {isa = PBXFileReference; lastKnownFileType = file.storyboard; name = Base; path = Base.lproj/LaunchScreen.storyboard; sourceTree = "<group>"; };
		A0B3980C2930DBCB0040F914 /* Info.plist */ = {isa = PBXFileReference; lastKnownFileType = text.plist.xml; path = Info.plist; sourceTree = "<group>"; };
		A0B398132930E0660040F914 /* HomeViewController.swift */ = {isa = PBXFileReference; lastKnownFileType = sourcecode.swift; path = HomeViewController.swift; sourceTree = "<group>"; };
		A0B398152930E16A0040F914 /* UpcomingViewController.swift */ = {isa = PBXFileReference; lastKnownFileType = sourcecode.swift; path = UpcomingViewController.swift; sourceTree = "<group>"; };
		A0B398172930E1790040F914 /* SearchViewController.swift */ = {isa = PBXFileReference; lastKnownFileType = sourcecode.swift; path = SearchViewController.swift; sourceTree = "<group>"; };
		A0B398192930E1870040F914 /* DownloadsViewController.swift */ = {isa = PBXFileReference; lastKnownFileType = sourcecode.swift; path = DownloadsViewController.swift; sourceTree = "<group>"; };
		A0B398202931CEC00040F914 /* CollectionViewTableViewCell.swift */ = {isa = PBXFileReference; lastKnownFileType = sourcecode.swift; path = CollectionViewTableViewCell.swift; sourceTree = "<group>"; };
		A0B398222931D99F0040F914 /* HeroHeaderUIView.swift */ = {isa = PBXFileReference; lastKnownFileType = sourcecode.swift; path = HeroHeaderUIView.swift; sourceTree = "<group>"; };
		A0B39824293261D60040F914 /* APICaller.swift */ = {isa = PBXFileReference; lastKnownFileType = sourcecode.swift; path = APICaller.swift; sourceTree = "<group>"; };
		A0B39826293277050040F914 /* Title.swift */ = {isa = PBXFileReference; lastKnownFileType = sourcecode.swift; path = Title.swift; sourceTree = "<group>"; };
		A0F5AC4E2933234E00EA8AC3 /* Extensions.swift */ = {isa = PBXFileReference; lastKnownFileType = sourcecode.swift; path = Extensions.swift; sourceTree = "<group>"; };
		A0F5AC5529332F6500EA8AC3 /* TitleCollectionViewCell.swift */ = {isa = PBXFileReference; lastKnownFileType = sourcecode.swift; path = TitleCollectionViewCell.swift; sourceTree = "<group>"; };
/* End PBXFileReference section */

/* Begin PBXFrameworksBuildPhase section */
		A0B397F82930DBC80040F914 /* Frameworks */ = {
			isa = PBXFrameworksBuildPhase;
			buildActionMask = 2147483647;
			files = (
				A0F5AC5429332E7A00EA8AC3 /* SDWebImageMapKit in Frameworks */,
				A0F5AC5229332E7A00EA8AC3 /* SDWebImage in Frameworks */,
			);
			runOnlyForDeploymentPostprocessing = 0;
		};
/* End PBXFrameworksBuildPhase section */

/* Begin PBXGroup section */
		A0B397F22930DBC80040F914 = {
			isa = PBXGroup;
			children = (
				A0B397FD2930DBC80040F914 /* Netflix */,
				A0B397FC2930DBC80040F914 /* Products */,
			);
			sourceTree = "<group>";
		};
		A0B397FC2930DBC80040F914 /* Products */ = {
			isa = PBXGroup;
			children = (
				A0B397FB2930DBC80040F914 /* Netflix.app */,
			);
			name = Products;
			sourceTree = "<group>";
		};
		A0B397FD2930DBC80040F914 /* Netflix */ = {
			isa = PBXGroup;
			children = (
				A0B3981F2931CDBA0040F914 /* Managers */,
				A0B3981E2931CDA90040F914 /* Resources */,
				A0B3981D2931006A0040F914 /* Models */,
				A0B3981B293100580040F914 /* Views */,
				A0B3981C293100610040F914 /* ViewModels */,
				A0B398122930E04F0040F914 /* Controllers */,
				A0B398022930DBC80040F914 /* MainTabBarViewController.swift */,
				A0B398072930DBCB0040F914 /* Assets.xcassets */,
				A0B398092930DBCB0040F914 /* LaunchScreen.storyboard */,
				A0B397FE2930DBC80040F914 /* AppDelegate.swift */,
				A0B398002930DBC80040F914 /* SceneDelegate.swift */,
				A0B3980C2930DBCB0040F914 /* Info.plist */,
			);
			path = Netflix;
			sourceTree = "<group>";
		};
		A0B398122930E04F0040F914 /* Controllers */ = {
			isa = PBXGroup;
			children = (
				A0B398132930E0660040F914 /* HomeViewController.swift */,
				A0B398152930E16A0040F914 /* UpcomingViewController.swift */,
				A0B398172930E1790040F914 /* SearchViewController.swift */,
				A0B398192930E1870040F914 /* DownloadsViewController.swift */,
			);
			path = Controllers;
			sourceTree = "<group>";
		};
		A0B3981B293100580040F914 /* Views */ = {
			isa = PBXGroup;
			children = (
				A0B398202931CEC00040F914 /* CollectionViewTableViewCell.swift */,
				A0B398222931D99F0040F914 /* HeroHeaderUIView.swift */,
				A0F5AC5529332F6500EA8AC3 /* TitleCollectionViewCell.swift */,
				A0B37D2B293675C400455C1D /* TitleTableViewCell.swift */,
			);
			path = Views;
			sourceTree = "<group>";
		};
		A0B3981C293100610040F914 /* ViewModels */ = {
			isa = PBXGroup;
			children = (
				A0B37D2D293675F900455C1D /* TitleViewModel.swift */,
			);
			path = ViewModels;
			sourceTree = "<group>";
		};
		A0B3981D2931006A0040F914 /* Models */ = {
			isa = PBXGroup;
			children = (
				A0B39826293277050040F914 /* Title.swift */,
			);
			path = Models;
			sourceTree = "<group>";
		};
		A0B3981E2931CDA90040F914 /* Resources */ = {
			isa = PBXGroup;
			children = (
				A0F5AC4E2933234E00EA8AC3 /* Extensions.swift */,
			);
			path = Resources;
			sourceTree = "<group>";
		};
		A0B3981F2931CDBA0040F914 /* Managers */ = {
			isa = PBXGroup;
			children = (
				A0B39824293261D60040F914 /* APICaller.swift */,
			);
			path = Managers;
			sourceTree = "<group>";
		};
/* End PBXGroup section */

/* Begin PBXNativeTarget section */
		A0B397FA2930DBC80040F914 /* Netflix */ = {
			isa = PBXNativeTarget;
			buildConfigurationList = A0B3980F2930DBCB0040F914 /* Build configuration list for PBXNativeTarget "Netflix" */;
			buildPhases = (
				A0B397F72930DBC80040F914 /* Sources */,
				A0B397F82930DBC80040F914 /* Frameworks */,
				A0B397F92930DBC80040F914 /* Resources */,
			);
			buildRules = (
			);
			dependencies = (
			);
			name = Netflix;
			packageProductDependencies = (
				A0F5AC5129332E7A00EA8AC3 /* SDWebImage */,
				A0F5AC5329332E7A00EA8AC3 /* SDWebImageMapKit */,
			);
			productName = Netflix;
			productReference = A0B397FB2930DBC80040F914 /* Netflix.app */;
			productType = "com.apple.product-type.application";
		};
/* End PBXNativeTarget section */

/* Begin PBXProject section */
		A0B397F32930DBC80040F914 /* Project object */ = {
			isa = PBXProject;
			attributes = {
				BuildIndependentTargetsInParallel = 1;
				LastSwiftUpdateCheck = 1400;
				LastUpgradeCheck = 1400;
				TargetAttributes = {
					A0B397FA2930DBC80040F914 = {
						CreatedOnToolsVersion = 14.0.1;
					};
				};
			};
			buildConfigurationList = A0B397F62930DBC80040F914 /* Build configuration list for PBXProject "Netflix" */;
			compatibilityVersion = "Xcode 14.0";
			developmentRegion = en;
			hasScannedForEncodings = 0;
			knownRegions = (
				en,
				Base,
			);
			mainGroup = A0B397F22930DBC80040F914;
			packageReferences = (
				A0F5AC5029332E7A00EA8AC3 /* XCRemoteSwiftPackageReference "SDWebImage" */,
			);
			productRefGroup = A0B397FC2930DBC80040F914 /* Products */;
			projectDirPath = "";
			projectRoot = "";
			targets = (
				A0B397FA2930DBC80040F914 /* Netflix */,
			);
		};
/* End PBXProject section */

/* Begin PBXResourcesBuildPhase section */
		A0B397F92930DBC80040F914 /* Resources */ = {
			isa = PBXResourcesBuildPhase;
			buildActionMask = 2147483647;
			files = (
				A0B3980B2930DBCB0040F914 /* LaunchScreen.storyboard in Resources */,
				A0B398082930DBCB0040F914 /* Assets.xcassets in Resources */,
			);
			runOnlyForDeploymentPostprocessing = 0;
		};
/* End PBXResourcesBuildPhase section */

/* Begin PBXSourcesBuildPhase section */
		A0B397F72930DBC80040F914 /* Sources */ = {
			isa = PBXSourcesBuildPhase;
			buildActionMask = 2147483647;
			files = (
				A0B37D2C293675C400455C1D /* TitleTableViewCell.swift in Sources */,
				A0B398182930E1790040F914 /* SearchViewController.swift in Sources */,
				A0F5AC5629332F6500EA8AC3 /* TitleCollectionViewCell.swift in Sources */,
				A0B398032930DBC80040F914 /* MainTabBarViewController.swift in Sources */,
				A0B398212931CEC00040F914 /* CollectionViewTableViewCell.swift in Sources */,
				A0B39825293261D60040F914 /* APICaller.swift in Sources */,
				A0B398232931D99F0040F914 /* HeroHeaderUIView.swift in Sources */,
				A0B3981A2930E1870040F914 /* DownloadsViewController.swift in Sources */,
				A0B397FF2930DBC80040F914 /* AppDelegate.swift in Sources */,
				A0F5AC4F2933234E00EA8AC3 /* Extensions.swift in Sources */,
				A0B398012930DBC80040F914 /* SceneDelegate.swift in Sources */,
				A0B398162930E16A0040F914 /* UpcomingViewController.swift in Sources */,
				A0B39827293277050040F914 /* Title.swift in Sources */,
				A0B398142930E0660040F914 /* HomeViewController.swift in Sources */,
				A0B37D2E293675F900455C1D /* TitleViewModel.swift in Sources */,
			);
			runOnlyForDeploymentPostprocessing = 0;
		};
/* End PBXSourcesBuildPhase section */

/* Begin PBXVariantGroup section */
		A0B398092930DBCB0040F914 /* LaunchScreen.storyboard */ = {
			isa = PBXVariantGroup;
			children = (
				A0B3980A2930DBCB0040F914 /* Base */,
			);
			name = LaunchScreen.storyboard;
			sourceTree = "<group>";
		};
/* End PBXVariantGroup section */

/* Begin XCBuildConfiguration section */
		A0B3980D2930DBCB0040F914 /* Debug */ = {
			isa = XCBuildConfiguration;
			buildSettings = {
				ALWAYS_SEARCH_USER_PATHS = NO;
				CLANG_ANALYZER_NONNULL = YES;
				CLANG_ANALYZER_NUMBER_OBJECT_CONVERSION = YES_AGGRESSIVE;
				CLANG_CXX_LANGUAGE_STANDARD = "gnu++20";
				CLANG_ENABLE_MODULES = YES;
				CLANG_ENABLE_OBJC_ARC = YES;
				CLANG_ENABLE_OBJC_WEAK = YES;
				CLANG_WARN_BLOCK_CAPTURE_AUTORELEASING = YES;
				CLANG_WARN_BOOL_CONVERSION = YES;
				CLANG_WARN_COMMA = YES;
				CLANG_WARN_CONSTANT_CONVERSION = YES;
				CLANG_WARN_DEPRECATED_OBJC_IMPLEMENTATIONS = YES;
				CLANG_WARN_DIRECT_OBJC_ISA_USAGE = YES_ERROR;
				CLANG_WARN_DOCUMENTATION_COMMENTS = YES;
				CLANG_WARN_EMPTY_BODY = YES;
				CLANG_WARN_ENUM_CONVERSION = YES;
				CLANG_WARN_INFINITE_RECURSION = YES;
				CLANG_WARN_INT_CONVERSION = YES;
				CLANG_WARN_NON_LITERAL_NULL_CONVERSION = YES;
				CLANG_WARN_OBJC_IMPLICIT_RETAIN_SELF = YES;
				CLANG_WARN_OBJC_LITERAL_CONVERSION = YES;
				CLANG_WARN_OBJC_ROOT_CLASS = YES_ERROR;
				CLANG_WARN_QUOTED_INCLUDE_IN_FRAMEWORK_HEADER = YES;
				CLANG_WARN_RANGE_LOOP_ANALYSIS = YES;
				CLANG_WARN_STRICT_PROTOTYPES = YES;
				CLANG_WARN_SUSPICIOUS_MOVE = YES;
				CLANG_WARN_UNGUARDED_AVAILABILITY = YES_AGGRESSIVE;
				CLANG_WARN_UNREACHABLE_CODE = YES;
				CLANG_WARN__DUPLICATE_METHOD_MATCH = YES;
				COPY_PHASE_STRIP = NO;
				DEBUG_INFORMATION_FORMAT = dwarf;
				ENABLE_STRICT_OBJC_MSGSEND = YES;
				ENABLE_TESTABILITY = YES;
				GCC_C_LANGUAGE_STANDARD = gnu11;
				GCC_DYNAMIC_NO_PIC = NO;
				GCC_NO_COMMON_BLOCKS = YES;
				GCC_OPTIMIZATION_LEVEL = 0;
				GCC_PREPROCESSOR_DEFINITIONS = (
					"DEBUG=1",
					"$(inherited)",
				);
				GCC_WARN_64_TO_32_BIT_CONVERSION = YES;
				GCC_WARN_ABOUT_RETURN_TYPE = YES_ERROR;
				GCC_WARN_UNDECLARED_SELECTOR = YES;
				GCC_WARN_UNINITIALIZED_AUTOS = YES_AGGRESSIVE;
				GCC_WARN_UNUSED_FUNCTION = YES;
				GCC_WARN_UNUSED_VARIABLE = YES;
				IPHONEOS_DEPLOYMENT_TARGET = 16.0;
				MTL_ENABLE_DEBUG_INFO = INCLUDE_SOURCE;
				MTL_FAST_MATH = YES;
				ONLY_ACTIVE_ARCH = YES;
				SDKROOT = iphoneos;
				SWIFT_ACTIVE_COMPILATION_CONDITIONS = DEBUG;
				SWIFT_OPTIMIZATION_LEVEL = "-Onone";
			};
			name = Debug;
		};
		A0B3980E2930DBCB0040F914 /* Release */ = {
			isa = XCBuildConfiguration;
			buildSettings = {
				ALWAYS_SEARCH_USER_PATHS = NO;
				CLANG_ANALYZER_NONNULL = YES;
				CLANG_ANALYZER_NUMBER_OBJECT_CONVERSION = YES_AGGRESSIVE;
				CLANG_CXX_LANGUAGE_STANDARD = "gnu++20";
				CLANG_ENABLE_MODULES = YES;
				CLANG_ENABLE_OBJC_ARC = YES;
				CLANG_ENABLE_OBJC_WEAK = YES;
				CLANG_WARN_BLOCK_CAPTURE_AUTORELEASING = YES;
				CLANG_WARN_BOOL_CONVERSION = YES;
				CLANG_WARN_COMMA = YES;
				CLANG_WARN_CONSTANT_CONVERSION = YES;
				CLANG_WARN_DEPRECATED_OBJC_IMPLEMENTATIONS = YES;
				CLANG_WARN_DIRECT_OBJC_ISA_USAGE = YES_ERROR;
				CLANG_WARN_DOCUMENTATION_COMMENTS = YES;
				CLANG_WARN_EMPTY_BODY = YES;
				CLANG_WARN_ENUM_CONVERSION = YES;
				CLANG_WARN_INFINITE_RECURSION = YES;
				CLANG_WARN_INT_CONVERSION = YES;
				CLANG_WARN_NON_LITERAL_NULL_CONVERSION = YES;
				CLANG_WARN_OBJC_IMPLICIT_RETAIN_SELF = YES;
				CLANG_WARN_OBJC_LITERAL_CONVERSION = YES;
				CLANG_WARN_OBJC_ROOT_CLASS = YES_ERROR;
				CLANG_WARN_QUOTED_INCLUDE_IN_FRAMEWORK_HEADER = YES;
				CLANG_WARN_RANGE_LOOP_ANALYSIS = YES;
				CLANG_WARN_STRICT_PROTOTYPES = YES;
				CLANG_WARN_SUSPICIOUS_MOVE = YES;
				CLANG_WARN_UNGUARDED_AVAILABILITY = YES_AGGRESSIVE;
				CLANG_WARN_UNREACHABLE_CODE = YES;
				CLANG_WARN__DUPLICATE_METHOD_MATCH = YES;
				COPY_PHASE_STRIP = NO;
				DEBUG_INFORMATION_FORMAT = "dwarf-with-dsym";
				ENABLE_NS_ASSERTIONS = NO;
				ENABLE_STRICT_OBJC_MSGSEND = YES;
				GCC_C_LANGUAGE_STANDARD = gnu11;
				GCC_NO_COMMON_BLOCKS = YES;
				GCC_WARN_64_TO_32_BIT_CONVERSION = YES;
				GCC_WARN_ABOUT_RETURN_TYPE = YES_ERROR;
				GCC_WARN_UNDECLARED_SELECTOR = YES;
				GCC_WARN_UNINITIALIZED_AUTOS = YES_AGGRESSIVE;
				GCC_WARN_UNUSED_FUNCTION = YES;
				GCC_WARN_UNUSED_VARIABLE = YES;
				IPHONEOS_DEPLOYMENT_TARGET = 16.0;
				MTL_ENABLE_DEBUG_INFO = NO;
				MTL_FAST_MATH = YES;
				SDKROOT = iphoneos;
				SWIFT_COMPILATION_MODE = wholemodule;
				SWIFT_OPTIMIZATION_LEVEL = "-O";
				VALIDATE_PRODUCT = YES;
			};
			name = Release;
		};
		A0B398102930DBCB0040F914 /* Debug */ = {
			isa = XCBuildConfiguration;
			buildSettings = {
				ASSETCATALOG_COMPILER_APPICON_NAME = AppIcon;
				ASSETCATALOG_COMPILER_GLOBAL_ACCENT_COLOR_NAME = AccentColor;
				CODE_SIGN_STYLE = Automatic;
				CURRENT_PROJECT_VERSION = 1;
				DEVELOPMENT_TEAM = 7JGN3FTU3X;
				GENERATE_INFOPLIST_FILE = YES;
				INFOPLIST_FILE = Netflix/Info.plist;
				INFOPLIST_KEY_UIApplicationSupportsIndirectInputEvents = YES;
				INFOPLIST_KEY_UILaunchStoryboardName = LaunchScreen;
				INFOPLIST_KEY_UISupportedInterfaceOrientations_iPad = "UIInterfaceOrientationPortrait UIInterfaceOrientationPortraitUpsideDown UIInterfaceOrientationLandscapeLeft UIInterfaceOrientationLandscapeRight";
				INFOPLIST_KEY_UISupportedInterfaceOrientations_iPhone = "UIInterfaceOrientationPortrait UIInterfaceOrientationLandscapeLeft UIInterfaceOrientationLandscapeRight";
				LD_RUNPATH_SEARCH_PATHS = (
					"$(inherited)",
					"@executable_path/Frameworks",
				);
				MARKETING_VERSION = 1.0;
				PRODUCT_BUNDLE_IDENTIFIER = com.abkubatt.Netflix;
				PRODUCT_NAME = "$(TARGET_NAME)";
				SWIFT_EMIT_LOC_STRINGS = YES;
				SWIFT_VERSION = 5.0;
				TARGETED_DEVICE_FAMILY = "1,2";
			};
			name = Debug;
		};
		A0B398112930DBCB0040F914 /* Release */ = {
			isa = XCBuildConfiguration;
			buildSettings = {
				ASSETCATALOG_COMPILER_APPICON_NAME = AppIcon;
				ASSETCATALOG_COMPILER_GLOBAL_ACCENT_COLOR_NAME = AccentColor;
				CODE_SIGN_STYLE = Automatic;
				CURRENT_PROJECT_VERSION = 1;
				DEVELOPMENT_TEAM = 7JGN3FTU3X;
				GENERATE_INFOPLIST_FILE = YES;
				INFOPLIST_FILE = Netflix/Info.plist;
				INFOPLIST_KEY_UIApplicationSupportsIndirectInputEvents = YES;
				INFOPLIST_KEY_UILaunchStoryboardName = LaunchScreen;
				INFOPLIST_KEY_UISupportedInterfaceOrientations_iPad = "UIInterfaceOrientationPortrait UIInterfaceOrientationPortraitUpsideDown UIInterfaceOrientationLandscapeLeft UIInterfaceOrientationLandscapeRight";
				INFOPLIST_KEY_UISupportedInterfaceOrientations_iPhone = "UIInterfaceOrientationPortrait UIInterfaceOrientationLandscapeLeft UIInterfaceOrientationLandscapeRight";
				LD_RUNPATH_SEARCH_PATHS = (
					"$(inherited)",
					"@executable_path/Frameworks",
				);
				MARKETING_VERSION = 1.0;
				PRODUCT_BUNDLE_IDENTIFIER = com.abkubatt.Netflix;
				PRODUCT_NAME = "$(TARGET_NAME)";
				SWIFT_EMIT_LOC_STRINGS = YES;
				SWIFT_VERSION = 5.0;
				TARGETED_DEVICE_FAMILY = "1,2";
			};
			name = Release;
		};
/* End XCBuildConfiguration section */

/* Begin XCConfigurationList section */
		A0B397F62930DBC80040F914 /* Build configuration list for PBXProject "Netflix" */ = {
			isa = XCConfigurationList;
			buildConfigurations = (
				A0B3980D2930DBCB0040F914 /* Debug */,
				A0B3980E2930DBCB0040F914 /* Release */,
			);
			defaultConfigurationIsVisible = 0;
			defaultConfigurationName = Release;
		};
		A0B3980F2930DBCB0040F914 /* Build configuration list for PBXNativeTarget "Netflix" */ = {
			isa = XCConfigurationList;
			buildConfigurations = (
				A0B398102930DBCB0040F914 /* Debug */,
				A0B398112930DBCB0040F914 /* Release */,
			);
			defaultConfigurationIsVisible = 0;
			defaultConfigurationName = Release;
		};
/* End XCConfigurationList section */

/* Begin XCRemoteSwiftPackageReference section */
		A0F5AC5029332E7A00EA8AC3 /* XCRemoteSwiftPackageReference "SDWebImage" */ = {
			isa = XCRemoteSwiftPackageReference;
			repositoryURL = "https://github.com/SDWebImage/SDWebImage.git";
			requirement = {
				kind = upToNextMajorVersion;
				minimumVersion = 5.0.0;
			};
		};
/* End XCRemoteSwiftPackageReference section */

/* Begin XCSwiftPackageProductDependency section */
		A0F5AC5129332E7A00EA8AC3 /* SDWebImage */ = {
			isa = XCSwiftPackageProductDependency;
			package = A0F5AC5029332E7A00EA8AC3 /* XCRemoteSwiftPackageReference "SDWebImage" */;
			productName = SDWebImage;
		};
		A0F5AC5329332E7A00EA8AC3 /* SDWebImageMapKit */ = {
			isa = XCSwiftPackageProductDependency;
			package = A0F5AC5029332E7A00EA8AC3 /* XCRemoteSwiftPackageReference "SDWebImage" */;
			productName = SDWebImageMapKit;
		};
/* End XCSwiftPackageProductDependency section */
	};
	rootObject = A0B397F32930DBC80040F914 /* Project object */;
}
